
Microsoft Visual Studio Solution File, Format Version 12.00
# Visual Studio Version 16
VisualStudioVersion = 16.0.30011.22
MinimumVisualStudioVersion = 10.0.40219.1
Project("{9A19103F-16F7-4668-BE54-9A1E7A4F7556}") = "Dreamfly.ABPCodeGenerator", "Dreamfly.ABPCodeGenerator\Dreamfly.ABPCodeGenerator.csproj", "{FB0F46EB-0774-4522-B9EF-29B94456ED0A}"
EndProject
Project("{FAE04EC0-301F-11D3-BF4B-00C04F79EFBC}") = "Dreamfly.MysqlTableToGeneratorJson", "Dreamfly.MysqlTableToGeneratorJson\Dreamfly.MysqlTableToGeneratorJson.csproj", "{8739785D-E379-4C86-BEF4-FFB8674C782E}"
EndProject
Project("{FAE04EC0-301F-11D3-BF4B-00C04F79EFBC}") = "Dreamfly.JavaEstateCodeGenerator", "Dreamfly.JavaEstateCodeGenerator\Dreamfly.JavaEstateCodeGenerator.csproj", "{F1E4CA1E-5B54-4D52-A93A-FA74579B48D1}"
EndProject
Global
	GlobalSection(SolutionConfigurationPlatforms) = preSolution
		Debug|Any CPU = Debug|Any CPU
		Release|Any CPU = Release|Any CPU
	EndGlobalSection
	GlobalSection(ProjectConfigurationPlatforms) = postSolution
		{FB0F46EB-0774-4522-B9EF-29B94456ED0A}.Debug|Any CPU.ActiveCfg = Debug|Any CPU
		{FB0F46EB-0774-4522-B9EF-29B94456ED0A}.Debug|Any CPU.Build.0 = Debug|Any CPU
		{FB0F46EB-0774-4522-B9EF-29B94456ED0A}.Release|Any CPU.ActiveCfg = Release|Any CPU
		{FB0F46EB-0774-4522-B9EF-29B94456ED0A}.Release|Any CPU.Build.0 = Release|Any CPU
		{8739785D-E379-4C86-BEF4-FFB8674C782E}.Debug|Any CPU.ActiveCfg = Debug|Any CPU
		{8739785D-E379-4C86-BEF4-FFB8674C782E}.Debug|Any CPU.Build.0 = Debug|Any CPU
		{8739785D-E379-4C86-BEF4-FFB8674C782E}.Release|Any CPU.ActiveCfg = Release|Any CPU
		{8739785D-E379-4C86-BEF4-FFB8674C782E}.Release|Any CPU.Build.0 = Release|Any CPU
		{F1E4CA1E-5B54-4D52-A93A-FA74579B48D1}.Debug|Any CPU.ActiveCfg = Debug|Any CPU
		{F1E4CA1E-5B54-4D52-A93A-FA74579B48D1}.Debug|Any CPU.Build.0 = Debug|Any CPU
		{F1E4CA1E-5B54-4D52-A93A-FA74579B48D1}.Release|Any CPU.ActiveCfg = Release|Any CPU
		{F1E4CA1E-5B54-4D52-A93A-FA74579B48D1}.Release|Any CPU.Build.0 = Release|Any CPU
	EndGlobalSection
	GlobalSection(SolutionProperties) = preSolution
		HideSolutionNode = FALSE
	EndGlobalSection
	GlobalSection(ExtensibilityGlobals) = postSolution
		SolutionGuid = {A354C806-7D08-4F33-BF29-C3C0BEA1F8C3}
	EndGlobalSection
EndGlobal
